
Microsoft Visual Studio Solution File, Format Version 12.00
# Visual Studio Version 17
VisualStudioVersion = 17.2.32630.192
MinimumVisualStudioVersion = 10.0.40219.1
Project("{8BC9CEB8-8B4A-11D0-8D11-00A0C91BC942}") = "OpenGLSandbox", "OpenGLSandbox.vcxproj", "{1A29A953-1E12-40AE-95B9-79A85881D7D4}"
EndProject
Global
	GlobalSection(SolutionConfigurationPlatforms) = preSolution
		Debug|x64 = Debug|x64
		Release|x64 = Release|x64
	EndGlobalSection
	GlobalSection(ProjectConfigurationPlatforms) = postSolution
		{1A29A953-1E12-40AE-95B9-79A85881D7D4}.Debug|x64.ActiveCfg = Debug|x64
		{1A29A953-1E12-40AE-95B9-79A85881D7D4}.Debug|x64.Build.0 = Debug|x64
		{1A29A953-1E12-40AE-95B9-79A85881D7D4}.Release|x64.ActiveCfg = Debug|x64
		{1A29A953-1E12-40AE-95B9-79A85881D7D4}.Release|x64.Build.0 = Debug|x64
	EndGlobalSection
	GlobalSection(SolutionProperties) = preSolution
		HideSolutionNode = FALSE
	EndGlobalSection
	GlobalSection(ExtensibilityGlobals) = postSolution
		SolutionGuid = {C28BDC78-3723-424D-B180-E0B1B7C39556}
	EndGlobalSection
EndGlobal
