<?xml version="1.0" encoding="utf-8"?>
<Project ToolsVersion="4.0" xmlns="http://schemas.microsoft.com/developer/msbuild/2003">
  <ItemGroup>
    <Filter Include="Source">
      <UniqueIdentifier>{4FC737F1-C7A5-4376-A066-2A32D752A2FF}</UniqueIdentifier>
      <Extensions>cpp;c;cc;cxx;c++;cppm;ixx;def;odl;idl;hpj;bat;asm;asmx</Extensions>
    </Filter>
    <Filter Include="Resources">
      <UniqueIdentifier>{67DA6AB6-F800-4c08-8B7A-83BB121AAD01}</UniqueIdentifier>
      <Extensions>rc;ico;cur;bmp;dlg;rc2;rct;bin;rgs;gif;jpg;jpeg;jpe;resx;tiff;tif;png;wav;mfcribbon-ms</Extensions>
    </Filter>
    <Filter Include="Source\External">
      <UniqueIdentifier>{bca95886-9671-4966-b2b3-6da35b1ad87d}</UniqueIdentifier>
    </Filter>
    <Filter Include="Resources\Shaders">
      <UniqueIdentifier>{5bb817a5-767e-47f3-aeea-d57de0296807}</UniqueIdentifier>
    </Filter>
    <Filter Include="Source\Shader">
      <UniqueIdentifier>{fc8bfdd0-b171-448f-b32e-54dd22c9716d}</UniqueIdentifier>
    </Filter>
    <Filter Include="Source\Buffers">
      <UniqueIdentifier>{93caab92-6c65-4f2b-a912-bc1f5dfcdafb}</UniqueIdentifier>
    </Filter>
    <Filter Include="Source\VertexArray">
      <UniqueIdentifier>{5da3d7f6-e461-4072-a0b2-77a8d0c86edf}</UniqueIdentifier>
    </Filter>
    <Filter Include="Source\Texture">
      <UniqueIdentifier>{6bf6730b-2096-4ce6-8d07-6ffde5c58f6b}</UniqueIdentifier>
    </Filter>
    <Filter Include="Source\Renderer">
      <UniqueIdentifier>{b2dc7271-7b73-4a60-bfc2-a68760c82880}</UniqueIdentifier>
    </Filter>
    <Filter Include="Source\Window">
      <UniqueIdentifier>{8da9b230-235c-4ca1-9a4f-742f4d276223}</UniqueIdentifier>
    </Filter>
    <Filter Include="Resources\Images">
      <UniqueIdentifier>{3438ce37-5370-40aa-b04f-1b6e77841745}</UniqueIdentifier>
    </Filter>
    <Filter Include="Source\Mesh">
      <UniqueIdentifier>{3e4aa41f-c0ee-4da1-add5-e17de75b8f9e}</UniqueIdentifier>
    </Filter>
    <Filter Include="Source\Lighting">
      <UniqueIdentifier>{9bf760f9-2051-4622-9a68-3f225468f73d}</UniqueIdentifier>
    </Filter>
    <Filter Include="Source\Camera">
      <UniqueIdentifier>{2fe8d731-6852-4f4c-b7d4-63c78c35c4bd}</UniqueIdentifier>
    </Filter>
  </ItemGroup>
  <ItemGroup>
    <ClCompile Include="Source\Main.cpp">
      <Filter>Source</Filter>
    </ClCompile>
    <ClCompile Include="Source\Shader\Shader.cpp">
      <Filter>Source\Shader</Filter>
    </ClCompile>
    <ClCompile Include="Source\Buffers\VertexBuffer.cpp">
      <Filter>Source\Buffers</Filter>
    </ClCompile>
    <ClCompile Include="Source\Buffers\IndexBuffer.cpp">
      <Filter>Source\Buffers</Filter>
    </ClCompile>
    <ClCompile Include="Source\VertexArray\VertexArray.cpp">
      <Filter>Source\VertexArray</Filter>
    </ClCompile>
    <ClCompile Include="ThirdParty\include\stb\stb_image.cpp">
      <Filter>Source\External</Filter>
    </ClCompile>
    <ClCompile Include="Source\Texture\Texture.cpp">
      <Filter>Source\Texture</Filter>
    </ClCompile>
    <ClCompile Include="Source\Renderer.cpp">
      <Filter>Source\Renderer</Filter>
    </ClCompile>
    <ClCompile Include="Source\Window.cpp">
      <Filter>Source\Window</Filter>
    </ClCompile>
    <ClCompile Include="Source\Mesh\Mesh.cpp">
      <Filter>Source\Mesh</Filter>
    </ClCompile>
    <ClCompile Include="Source\Lighting\PointLight.cpp">
      <Filter>Source\Lighting</Filter>
    </ClCompile>
    <ClCompile Include="Source\Camera\Camera.cpp">
      <Filter>Source\Camera</Filter>
    </ClCompile>
    <ClCompile Include="ThirdParty\include\glad\glad.c">
      <Filter>Source\External</Filter>
    </ClCompile>
    <ClCompile Include="ThirdParty\include\imgui\imgui.cpp">
      <Filter>Source\External</Filter>
    </ClCompile>
    <ClCompile Include="ThirdParty\include\imgui\imgui_demo.cpp">
      <Filter>Source\External</Filter>
    </ClCompile>
    <ClCompile Include="ThirdParty\include\imgui\imgui_draw.cpp">
      <Filter>Source\External</Filter>
    </ClCompile>
    <ClCompile Include="ThirdParty\include\imgui\imgui_tables.cpp">
      <Filter>Source\External</Filter>
    </ClCompile>
    <ClCompile Include="ThirdParty\include\imgui\imgui_widgets.cpp">
      <Filter>Source\External</Filter>
    </ClCompile>
    <ClCompile Include="ThirdParty\include\imgui\backends\imgui_impl_opengl3.cpp">
      <Filter>Source\External</Filter>
    </ClCompile>
    <ClCompile Include="ThirdParty\include\imgui\backends\imgui_impl_glfw.cpp">
      <Filter>Source\External</Filter>
    </ClCompile>
  </ItemGroup>
  <ItemGroup>
    <ClInclude Include="Source\Shader\Shader.h">
      <Filter>Source\Shader</Filter>
    </ClInclude>
    <ClInclude Include="Source\Buffers\VertexBuffer.h">
      <Filter>Source\Buffers</Filter>
    </ClInclude>
    <ClInclude Include="Source\Buffers\IndexBuffer.h">
      <Filter>Source\Buffers</Filter>
    </ClInclude>
    <ClInclude Include="Source\VertexArray\VertexArray.h">
      <Filter>Source\VertexArray</Filter>
    </ClInclude>
    <ClInclude Include="Source\Buffers\VertexBufferLayout.h">
      <Filter>Source\Buffers</Filter>
    </ClInclude>
    <ClInclude Include="Source\Texture\Texture.h">
      <Filter>Source\Texture</Filter>
    </ClInclude>
    <ClInclude Include="Source\Window.h">
      <Filter>Source\Window</Filter>
    </ClInclude>
    <ClInclude Include="Source\Renderer.h">
      <Filter>Source\Renderer</Filter>
    </ClInclude>
    <ClInclude Include="Source\Mesh\Mesh.h">
      <Filter>Source\Mesh</Filter>
    </ClInclude>
    <ClInclude Include="Source\Lighting\PointLight.h">
      <Filter>Source\Lighting</Filter>
    </ClInclude>
    <ClInclude Include="Source\Camera\Camera.h">
      <Filter>Source\Camera</Filter>
    </ClInclude>
    <ClInclude Include="ThirdParty\include\imgui\imstb_truetype.h">
      <Filter>Source\External</Filter>
    </ClInclude>
    <ClInclude Include="ThirdParty\include\imgui\imconfig.h">
      <Filter>Source\External</Filter>
    </ClInclude>
    <ClInclude Include="ThirdParty\include\imgui\imgui.h">
      <Filter>Source\External</Filter>
    </ClInclude>
    <ClInclude Include="ThirdParty\include\imgui\imgui_internal.h">
      <Filter>Source\External</Filter>
    </ClInclude>
    <ClInclude Include="ThirdParty\include\imgui\imstb_rectpack.h">
      <Filter>Source\External</Filter>
    </ClInclude>
    <ClInclude Include="ThirdParty\include\imgui\imstb_textedit.h">
      <Filter>Source\External</Filter>
    </ClInclude>
    <ClInclude Include="ThirdParty\include\imgui\backends\imgui_impl_glfw.h">
      <Filter>Source\External</Filter>
    </ClInclude>
    <ClInclude Include="ThirdParty\include\imgui\backends\imgui_impl_opengl3.h">
      <Filter>Source\External</Filter>
    </ClInclude>
    <ClInclude Include="ThirdParty\include\imgui\backends\imgui_impl_opengl3_loader.h">
      <Filter>Source\External</Filter>
    </ClInclude>
  </ItemGroup>
  <ItemGroup>
    <None Include="Resources\Shaders\default.fs">
      <Filter>Resources\Shaders</Filter>
    </None>
    <None Include="Resources\Shaders\default.vs">
      <Filter>Resources\Shaders</Filter>
    </None>
    <None Include="Resources\Shaders\icon.fs">
      <Filter>Resources\Shaders</Filter>
    </None>
    <None Include="Resources\Shaders\icon.vs">
      <Filter>Resources\Shaders</Filter>
    </None>
    <None Include="ThirdParty\include\imgui\imgui.ini">
      <Filter>Source\External</Filter>
    </None>
  </ItemGroup>
  <ItemGroup>
    <Image Include="Resources\Images\wall.jpg">
      <Filter>Resources\Images</Filter>
    </Image>
    <Image Include="Resources\Images\brick.png">
      <Filter>Resources\Images</Filter>
    </Image>
    <Image Include="Resources\Images\light_icon.png">
      <Filter>Resources\Images</Filter>
    </Image>
    <Image Include="Resources\Images\white.jpg">
      <Filter>Resources\Images</Filter>
    </Image>
  </ItemGroup>
</Project>