<?xml version="1.0" encoding="utf-8"?>
<Project ToolsVersion="4.0" xmlns="http://schemas.microsoft.com/developer/msbuild/2003">
  <ItemGroup>
    <Filter Include="Source">
      <UniqueIdentifier>{4FC737F1-C7A5-4376-A066-2A32D752A2FF}</UniqueIdentifier>
      <Extensions>cpp;c;cc;cxx;c++;cppm;ixx;def;odl;idl;hpj;bat;asm;asmx</Extensions>
    </Filter>
    <Filter Include="Resources">
      <UniqueIdentifier>{67DA6AB6-F800-4c08-8B7A-83BB121AAD01}</UniqueIdentifier>
      <Extensions>rc;ico;cur;bmp;dlg;rc2;rct;bin;rgs;gif;jpg;jpeg;jpe;resx;tiff;tif;png;wav;mfcribbon-ms</Extensions>
    </Filter>
    <Filter Include="Source\External">
      <UniqueIdentifier>{bca95886-9671-4966-b2b3-6da35b1ad87d}</UniqueIdentifier>
    </Filter>
    <Filter Include="Resources\Shaders">
      <UniqueIdentifier>{5bb817a5-767e-47f3-aeea-d57de0296807}</UniqueIdentifier>
    </Filter>
    <Filter Include="Source\Shader">
      <UniqueIdentifier>{fc8bfdd0-b171-448f-b32e-54dd22c9716d}</UniqueIdentifier>
    </Filter>
    <Filter Include="Source\Buffers">
      <UniqueIdentifier>{93caab92-6c65-4f2b-a912-bc1f5dfcdafb}</UniqueIdentifier>
    </Filter>
    <Filter Include="Source\VertexArray">
      <UniqueIdentifier>{5da3d7f6-e461-4072-a0b2-77a8d0c86edf}</UniqueIdentifier>
    </Filter>
    <Filter Include="Source\Texture">
      <UniqueIdentifier>{6bf6730b-2096-4ce6-8d07-6ffde5c58f6b}</UniqueIdentifier>
    </Filter>
    <Filter Include="Source\Renderer">
      <UniqueIdentifier>{b2dc7271-7b73-4a60-bfc2-a68760c82880}</UniqueIdentifier>
    </Filter>
    <Filter Include="Source\Window">
      <UniqueIdentifier>{8da9b230-235c-4ca1-9a4f-742f4d276223}</UniqueIdentifier>
    </Filter>
    <Filter Include="Resources\Images">
      <UniqueIdentifier>{3438ce37-5370-40aa-b04f-1b6e77841745}</UniqueIdentifier>
    </Filter>
    <Filter Include="Source\Mesh">
      <UniqueIdentifier>{3e4aa41f-c0ee-4da1-add5-e17de75b8f9e}</UniqueIdentifier>
    </Filter>
    <Filter Include="Source\Lighting">
      <UniqueIdentifier>{9bf760f9-2051-4622-9a68-3f225468f73d}</UniqueIdentifier>
    </Filter>
    <Filter Include="Source\Camera">
      <UniqueIdentifier>{2fe8d731-6852-4f4c-b7d4-63c78c35c4bd}</UniqueIdentifier>
    </Filter>
    <Filter Include="Source\Loaders">
      <UniqueIdentifier>{0dbc95f4-74f3-42c8-9d6a-72ef45d9f8a8}</UniqueIdentifier>
    </Filter>
    <Filter Include="Source\Sprite">
      <UniqueIdentifier>{ad311715-bc13-441c-b4ef-34c4a7554e18}</UniqueIdentifier>
    </Filter>
    <Filter Include="Source\Scene">
      <UniqueIdentifier>{75ff595d-a345-40ad-83be-27d54685d443}</UniqueIdentifier>
    </Filter>
    <Filter Include="Source\PostProcess">
      <UniqueIdentifier>{8d9b4163-8b70-4b6c-8075-0712923c4efb}</UniqueIdentifier>
    </Filter>
    <Filter Include="Source\Transform">
      <UniqueIdentifier>{573b88ef-fa9b-4fde-973a-7cf9de94c60a}</UniqueIdentifier>
    </Filter>
    <Filter Include="Resources\Misc">
      <UniqueIdentifier>{d60c781c-f3a2-4be8-b05c-24f5218020d3}</UniqueIdentifier>
    </Filter>
    <Filter Include="Resources\Images\Icons">
      <UniqueIdentifier>{4eff7df6-ab3e-42d1-ac4a-8c9b4c5c4a59}</UniqueIdentifier>
    </Filter>
    <Filter Include="Resources\Images\Textures">
      <UniqueIdentifier>{81ed5c5a-475c-4e00-a007-ad43abc861f7}</UniqueIdentifier>
    </Filter>
    <Filter Include="Source\GUI">
      <UniqueIdentifier>{42aa095e-b3a3-4284-aa9c-d2fa12093579}</UniqueIdentifier>
    </Filter>
  </ItemGroup>
  <ItemGroup>
    <ClCompile Include="Source\Graphics\Shader\Shader.cpp">
      <Filter>Source\Shader</Filter>
    </ClCompile>
    <ClCompile Include="Source\Graphics\Buffers\VertexBuffer.cpp">
      <Filter>Source\Buffers</Filter>
    </ClCompile>
    <ClCompile Include="Source\Graphics\Buffers\IndexBuffer.cpp">
      <Filter>Source\Buffers</Filter>
    </ClCompile>
    <ClCompile Include="Source\Graphics\VertexArray\VertexArray.cpp">
      <Filter>Source\VertexArray</Filter>
    </ClCompile>
    <ClCompile Include="ThirdParty\include\stb\stb_image.cpp">
      <Filter>Source\External</Filter>
    </ClCompile>
    <ClCompile Include="Source\Graphics\Texture\Texture.cpp">
      <Filter>Source\Texture</Filter>
    </ClCompile>
    <ClCompile Include="Source\Graphics\Mesh\Mesh.cpp">
      <Filter>Source\Mesh</Filter>
    </ClCompile>
    <ClCompile Include="Source\Graphics\Lighting\PointLight.cpp">
      <Filter>Source\Lighting</Filter>
    </ClCompile>
    <ClCompile Include="Source\Camera\Camera.cpp">
      <Filter>Source\Camera</Filter>
    </ClCompile>
    <ClCompile Include="Source\Graphics\Lighting\DirectionalLight.cpp">
      <Filter>Source\Lighting</Filter>
    </ClCompile>
    <ClCompile Include="Source\Graphics\Buffers\Frambuffer.cpp">
      <Filter>Source\Buffers</Filter>
    </ClCompile>
    <ClCompile Include="Source\Graphics\Lighting\Light.cpp">
      <Filter>Source\Lighting</Filter>
    </ClCompile>
    <ClCompile Include="Source\Graphics\Renderer\Renderer.cpp">
      <Filter>Source\Renderer</Filter>
    </ClCompile>
    <ClCompile Include="Source\Loaders\ModelLoader.cpp">
      <Filter>Source\Loaders</Filter>
    </ClCompile>
    <ClCompile Include="Source\Graphics\PostProcess\PostProcess.cpp">
      <Filter>Source\PostProcess</Filter>
    </ClCompile>
    <ClCompile Include="Source\Scene\Scene.cpp">
      <Filter>Source\Scene</Filter>
    </ClCompile>
    <ClCompile Include="Source\Graphics\Sprite\Sprite.cpp">
      <Filter>Source\Sprite</Filter>
    </ClCompile>
    <ClCompile Include="Source\Window\Window.cpp">
      <Filter>Source\Window</Filter>
    </ClCompile>
    <ClCompile Include="Source\GUI\Editor.cpp">
      <Filter>Source\GUI</Filter>
    </ClCompile>
  </ItemGroup>
  <ItemGroup>
    <ClInclude Include="Source\Graphics\Shader\Shader.h">
      <Filter>Source\Shader</Filter>
    </ClInclude>
    <ClInclude Include="Source\Graphics\Buffers\VertexBuffer.h">
      <Filter>Source\Buffers</Filter>
    </ClInclude>
    <ClInclude Include="Source\Graphics\Buffers\IndexBuffer.h">
      <Filter>Source\Buffers</Filter>
    </ClInclude>
    <ClInclude Include="Source\Graphics\VertexArray\VertexArray.h">
      <Filter>Source\VertexArray</Filter>
    </ClInclude>
    <ClInclude Include="Source\Graphics\Buffers\VertexBufferLayout.h">
      <Filter>Source\Buffers</Filter>
    </ClInclude>
    <ClInclude Include="Source\Graphics\Texture\Texture.h">
      <Filter>Source\Texture</Filter>
    </ClInclude>
    <ClInclude Include="Source\Graphics\Mesh\Mesh.h">
      <Filter>Source\Mesh</Filter>
    </ClInclude>
    <ClInclude Include="Source\Graphics\Lighting\PointLight.h">
      <Filter>Source\Lighting</Filter>
    </ClInclude>
    <ClInclude Include="Source\Camera\Camera.h">
      <Filter>Source\Camera</Filter>
    </ClInclude>
    <ClInclude Include="Source\Graphics\Lighting\DirectionalLight.h">
      <Filter>Source\Lighting</Filter>
    </ClInclude>
    <ClInclude Include="Source\Graphics\Buffers\Framebuffer.h">
      <Filter>Source\Buffers</Filter>
    </ClInclude>
    <ClInclude Include="Source\Graphics\Lighting\Light.h">
      <Filter>Source\Lighting</Filter>
    </ClInclude>
    <ClInclude Include="Source\Graphics\Renderer\Renderer.h">
      <Filter>Source\Renderer</Filter>
    </ClInclude>
    <ClInclude Include="Source\Loaders\ModelLoader.h">
      <Filter>Source\Loaders</Filter>
    </ClInclude>
    <ClInclude Include="Source\Graphics\PostProcess\PostProcess.h">
      <Filter>Source\PostProcess</Filter>
    </ClInclude>
    <ClInclude Include="Source\Scene\Scene.h">
      <Filter>Source\Scene</Filter>
    </ClInclude>
    <ClInclude Include="Source\Graphics\Sprite\Sprite.h">
      <Filter>Source\Sprite</Filter>
    </ClInclude>
    <ClInclude Include="Source\Graphics\Transform\Transform.h">
      <Filter>Source\Transform</Filter>
    </ClInclude>
    <ClInclude Include="Source\Window\Window.h">
      <Filter>Source\Window</Filter>
    </ClInclude>
    <ClInclude Include="Resources\Misc\Materials.h">
      <Filter>Resources\Misc</Filter>
    </ClInclude>
    <ClInclude Include="Resources\Misc\Geometries.h">
      <Filter>Resources\Misc</Filter>
    </ClInclude>
    <ClInclude Include="Source\GUI\Editor.h">
      <Filter>Source\GUI</Filter>
    </ClInclude>
    <ClInclude Include="Source\RenderEngine.h" />
    <ClInclude Include="Source\RenderEngineCore.h" />
  </ItemGroup>
  <ItemGroup>
    <None Include="Resources\Shaders\default.fs">
      <Filter>Resources\Shaders</Filter>
    </None>
    <None Include="Resources\Shaders\default.vs">
      <Filter>Resources\Shaders</Filter>
    </None>
    <None Include="Resources\Shaders\icon.fs">
      <Filter>Resources\Shaders</Filter>
    </None>
    <None Include="Resources\Shaders\icon.vs">
      <Filter>Resources\Shaders</Filter>
    </None>
    <None Include="Resources\Shaders\shadowMap.vs">
      <Filter>Resources\Shaders</Filter>
    </None>
    <None Include="Resources\Shaders\shadowMap.fs">
      <Filter>Resources\Shaders</Filter>
    </None>
    <None Include="Resources\Shaders\postProcess.fs">
      <Filter>Resources\Shaders</Filter>
    </None>
    <None Include="Resources\Shaders\postProcess.vs">
      <Filter>Resources\Shaders</Filter>
    </None>
  </ItemGroup>
  <ItemGroup>
    <Image Include="Resources\Images\Textures\brick.png">
      <Filter>Resources\Images\Textures</Filter>
    </Image>
    <Image Include="Resources\Images\Textures\brickwall_albedo.jpg">
      <Filter>Resources\Images\Textures</Filter>
    </Image>
    <Image Include="Resources\Images\Textures\brickwall_normal.jpg">
      <Filter>Resources\Images\Textures</Filter>
    </Image>
    <Image Include="Resources\Images\Textures\cube_albedo.png">
      <Filter>Resources\Images\Textures</Filter>
    </Image>
    <Image Include="Resources\Images\Textures\cube_specular.png">
      <Filter>Resources\Images\Textures</Filter>
    </Image>
    <Image Include="Resources\Images\Textures\planks_albedo.png">
      <Filter>Resources\Images\Textures</Filter>
    </Image>
    <Image Include="Resources\Images\Textures\planks_specular.png">
      <Filter>Resources\Images\Textures</Filter>
    </Image>
    <Image Include="Resources\Images\Textures\wall.jpg">
      <Filter>Resources\Images\Textures</Filter>
    </Image>
    <Image Include="Resources\Images\Icons\light_icon.png">
      <Filter>Resources\Images\Icons</Filter>
    </Image>
  </ItemGroup>
</Project>